{"1.2.0",
[{<<"clojerl">>,{pkg,<<"clojerl">>,<<"0.7.0">>},0},
 {<<"cowboy">>,{pkg,<<"cowboy">>,<<"2.9.0">>},0},
 {<<"cowlib">>,{pkg,<<"cowlib">>,<<"2.11.0">>},1},
 {<<"jiffy">>,{pkg,<<"jiffy">>,<<"1.0.8">>},0},
 {<<"ranch">>,{pkg,<<"ranch">>,<<"1.8.0">>},1}]}.
[
{pkg_hash,[
 {<<"clojerl">>, <<"D4F7982356BA91C4C993AA94FE075ED93E925FF9021D4A236112A134C2B6E966">>},
 {<<"cowboy">>, <<"865DD8B6607E14CF03282E10E934023A1BD8BE6F6BACF921A7E2A96D800CD452">>},
 {<<"cowlib">>, <<"0B9FF9C346629256C42EBE1EEB769A83C6CB771A6EE5960BD110AB0B9B872063">>},
 {<<"jiffy">>, <<"60E36F00BE35E5AC6E6CF2D4CAF3BDF3103D4460AFF385F543A8D7DF2D6D9613">>},
 {<<"ranch">>, <<"8C7A100A139FD57F17327B6413E4167AC559FBC04CA7448E9BE9057311597A1D">>}]},
{pkg_hash_ext,[
 {<<"clojerl">>, <<"E412CACFB07CD39933E42E4578C1918F631677CEF82DE65501CBF1F5232DAA8A">>},
 {<<"cowboy">>, <<"2C729F934B4E1AA149AFF882F57C6372C15399A20D54F65C8D67BEF583021BDE">>},
 {<<"cowlib">>, <<"2B3E9DA0B21C4565751A6D4901C20D1B4CC25CBB7FD50D91D2AB6DD287BC86A9">>},
 {<<"jiffy">>, <<"F9AE986BA5A0854EB48CF6A76192D9367086DA86C20197DA430630BE7C087A4E">>},
 {<<"ranch">>, <<"49FBCFD3682FAB1F5D109351B61257676DA1A2FDBE295904176D5E521A2DDFE5">>}]}
].
