{
  "name": "nbb",
  "version": "1.0.0",
  "lockfileVersion": 3,
  "requires": true,
  "packages": {
    "": {
      "dependencies": {
        "nbb": "^1.2.187"
      }
    },
    "node_modules/import-meta-resolve": {
      "version": "2.2.2",
      "resolved": "https://registry.npmjs.org/import-meta-resolve/-/import-meta-resolve-2.2.2.tgz",
      "integrity": "sha512-f8KcQ1D80V7RnqVm+/lirO9zkOxjGxhaTC1IPrBGd3MEfNgmNG67tSUO9gTi2F3Blr2Az6g1vocaxzkVnWl9MA==",
      "funding": {
        "type": "github",
        "url": "https://github.com/sponsors/wooorm"
      }
    },
    "node_modules/nbb": {
      "version": "1.2.187",
      "resolved": "https://registry.npmjs.org/nbb/-/nbb-1.2.187.tgz",
      "integrity": "sha512-pNJzlZ+wQtsOIvvOA1cp1o6rJzMk7wKTU2nAvNNx+xeKQgZEASv99r4jEB3wD+BYXtx1q7mvPI4O7WXMaIMWeg==",
      "dependencies": {
        "import-meta-resolve": "^2.1.0"
      },
      "bin": {
        "nbb": "cli.js",
        "nbbun": "nbbun.js"
      }
    }
  }
}
